# THIS IS AN AUTOGENERATED FILE. DO NOT EDIT THIS FILE DIRECTLY.
# yarn lockfile v1


"@types/invariant@^2.2.29":
  version "2.2.29"
  resolved "https://registry.yarnpkg.com/@types/invariant/-/invariant-2.2.29.tgz#aa845204cd0a289f65d47e0de63a6a815e30cc66"
  integrity sha512-lRVw09gOvgviOfeUrKc/pmTiRZ7g7oDOU6OAutyuSHpm1/o2RaBQvRhgK8QEdu+FFuw/wnWb29A/iuxv9i8OpQ==

"@types/node-fetch@^2.1.4":
  version "2.1.6"
  resolved "https://registry.yarnpkg.com/@types/node-fetch/-/node-fetch-2.1.6.tgz#4326288b49f352a142f03c63526ebce0f4c50877"
  integrity sha512-Hv1jgh3pfpUEl2F2mqUd1AfLSk1YbUCeBJFaP36t7esAO617dErqdxWb5cdG2NfJGOofkmBW36fdx0dVewxDRg==
  dependencies:
    "@types/node" "*"

"@types/node@*":
  version "11.9.5"
  resolved "https://registry.yarnpkg.com/@types/node/-/node-11.9.5.tgz#011eece9d3f839a806b63973e228f85967b79ed3"
  integrity sha512-vVjM0SVzgaOUpflq4GYBvCpozes8OgIIS5gVXVka+OfK3hvnkC1i93U8WiY2OtNE4XUWyyy/86Kf6e0IHTQw1Q==

expo-server-sdk@^3.1.0:
  version "3.1.0"
  resolved "https://registry.yarnpkg.com/expo-server-sdk/-/expo-server-sdk-3.1.0.tgz#fc3196e42f8af4125203ab9478224639e63f4917"
  integrity sha512-mMVPu0JJp8zcmeMDt1Rt+mDdNcJCnt6Nsf3CbRajxikJDCQ5F7kx94mqXgcmtdI/ww6fa4ndTPonPEPV9n/4fg==
  dependencies:
    "@types/invariant" "^2.2.29"
    "@types/node-fetch" "^2.1.4"
    node-fetch "^2.3.0"
    promise-limit "^2.7.0"

node-fetch@^2.3.0:
  version "2.3.0"
  resolved "https://registry.yarnpkg.com/node-fetch/-/node-fetch-2.3.0.tgz#1a1d940bbfb916a1d3e0219f037e89e71f8c5fa5"
  integrity sha512-MOd8pV3fxENbryESLgVIeaGKrdl+uaYhCSSVkjeOb/31/njTpcis5aWfdqgNlHIrKOLRbMnfPINPOML2CIFeXA==

promise-limit@^2.7.0:
  version "2.7.0"
  resolved "https://registry.yarnpkg.com/promise-limit/-/promise-limit-2.7.0.tgz#eb5737c33342a030eaeaecea9b3d3a93cb592b26"
  integrity sha512-7nJ6v5lnJsXwGprnGXga4wx6d1POjvi5Qmf1ivTRxTjH4Z/9Czja/UCMLVmB9N93GeWOU93XaFaEt6jbuoagNw==
